{
    "_meta": {
        "hash": {
            "sha256": "563f115d68f1fa4ca007eeb0c05a9fb14fb554bbf91928e861fddbd125bcda9d"
        },
        "pipfile-spec": 6,
        "requires": {
            "python_version": "3.8"
        },
        "sources": [
            {
                "name": "pypi",
                "url": "https://pypi.org/simple",
                "verify_ssl": true
            }
        ]
    },
    "default": {},
    "develop": {
        "appdirs": {
            "hashes": [
                "sha256:7d5d0167b2b1ba821647616af46a749d1c653740dd0d2415100fe26e27afdf41",
                "sha256:a841dacd6b99318a741b166adb07e19ee71a274450e68237b4650ca1055ab128"
            ],
            "version": "==1.4.4"
        },
        "attrs": {
            "hashes": [
                "sha256:149e90d6d8ac20db7a955ad60cf0e6881a3f20d37096140088356da6c716b0b1",
                "sha256:ef6aaac3ca6cd92904cdd0d83f629a15f18053ec84e6432106f7a4d04ae4f5fb"
            ],
            "version": "==21.2.0"
        },
        "autoflake": {
            "hashes": [
                "sha256:680cb9dade101ed647488238ccb8b8bfb4369b53d58ba2c8cdf7d5d54e01f95b"
            ],
            "index": "pypi",
            "version": "==1.3.1"
        },
        "backcall": {
            "hashes": [
                "sha256:5cbdbf27be5e7cfadb448baf0aa95508f91f2bbc6c6437cd9cd06e2a4c215e1e",
                "sha256:fbbce6a29f263178a1f7915c1940bde0ec2b2a967566fe1c65c1dfb7422bd255"
            ],
            "version": "==0.2.0"
        },
        "black": {
            "hashes": [
                "sha256:1b30e59be925fafc1ee4565e5e08abef6b03fe455102883820fe5ee2e4734e0b",
                "sha256:c2edb73a08e9e0e6f65a0e6af18b059b8b1cdd5bef997d7a0b181df93dc81539"
            ],
            "index": "pypi",
            "version": "==19.10b0"
        },
        "certifi": {
            "hashes": [
                "sha256:2bbf76fd432960138b3ef6dda3dde0544f27cbf8546c458e60baf371917ba9ee",
                "sha256:50b1e4f8446b06f41be7dd6338db18e0990601dce795c2b1686458aa7e8fa7d8"
            ],
            "version": "==2021.5.30"
        },
        "chardet": {
            "hashes": [
                "sha256:0d6f53a15db4120f2b08c94f11e7d93d2c911ee118b6b30a04ec3ee8310179fa",
                "sha256:f864054d66fd9118f2e67044ac8981a54775ec5b67aed0441892edb553d21da5"
            ],
            "version": "==4.0.0"
        },
        "click": {
            "hashes": [
                "sha256:8c04c11192119b1ef78ea049e0a6f0463e4c48ef00a30160c704337586f3ad7a",
                "sha256:fba402a4a47334742d782209a7c79bc448911afe1149d07bdabdf480b3e2f4b6"
            ],
            "version": "==8.0.1"
        },
        "codecov": {
            "hashes": [
                "sha256:38b32934e759a29313382287f59986f25613708f60760c88d31e956399bbeffe",
                "sha256:4cf93c30cc1ddb6d7414fce0a45816889499c3febc8bbbc24f1cd1936a804087"
            ],
            "index": "pypi",
            "version": "==2.0.16"
        },
        "coverage": {
            "hashes": [
                "sha256:00368e6328ebff76197fff5f4d5704b44098f89d8d99a67a349ad6674ec0b157",
                "sha256:0389690e0a1c94e9a246dc3130355d70805e51ca509db1bf07fbde27efb33aa4",
                "sha256:065d2181f44392893d37d0a4f9ff60b485d705f733356d0a2fb292a58c6f2e0f",
                "sha256:082febdba717c769da92d5e19e14a659ebef6daab19b67fced304b7b8d2475e2",
                "sha256:0a35ae0d590effb7cc96e7d6935ae2ab8a51526a111fbe0f12d1671aa9fdc377",
                "sha256:142493f0400a0bd5acf03c52971229e937323c3e24c372800ae1c44a503e0921",
                "sha256:186f53367a08e8d24cc534c7cbfa43a82d1618a48dec2e0c56e80577ec1888fe",
                "sha256:2163a00bcd613e95e118c01ea2811f705fbbacf1904d657b24d306879e2303d3",
                "sha256:24ecf342b1e23de259d81b3adc83578935babeb54f6950c9bd9534b12443a49c",
                "sha256:2c24d3e09f433817ddd0cb2e8f82f8b42cd09a8ac558462fedf99be479ed4851",
                "sha256:2d741575de4a13869c9d4a685235bacc897c94afd3703e2ad4fdc362f37e87da",
                "sha256:305ca73c09dd84054a3a8f53d5b70e0325b5b303245d0b96ed505698dc7e8ea7",
                "sha256:4bf1d0a390de707f8bfd49efdcdac9366ce77ed64cb35b344f58b1ec62517317",
                "sha256:50d90d6b753debb7568621125aad4e5fb418e7bdcb0dba3fa6f4ee82994b35d4",
                "sha256:5a2079bca21fa959608223b90cf2f95ce686a6497fb12bfaaa7bb24c3e298199",
                "sha256:60c6d433f0357db7ed2a2a698fb75b8ce919ce547d6d6bc79c576e090f509768",
                "sha256:66cfae29bccea703f02d8997f60d71e236c5a321588f5aa5a318bd88ca23dc0a",
                "sha256:6d6fc990962559de1f3685eb3e365ca60f2e3257bfd145bf675c566b8ebb1944",
                "sha256:703b126f3ad20c463b545e199c4da460695630da5fdfd949de6a6269b45eabab",
                "sha256:730cee22c41852b90948343cdfd183db1e96a9de69fd4dabec3532c582afea68",
                "sha256:7e4a16bde8a3b7424b2955130f5a6c29e741e7138fe05c5d9d72efc356076a80",
                "sha256:801e8277958bc2e6cc1f2443a20a2a97f79583aa64524b130e1c0de44c287ca9",
                "sha256:80baa69a78d5696c60b72dee44ac3d5ccf75ee82e84d018938ddf642d036a6a8",
                "sha256:80c00ce9cef80afbf18d16cb3052f5601ba8d087501d829169eecb33c153346a",
                "sha256:89db5a374d793344087732207ee15869549486b2148e3e2e6effe22146351fcd",
                "sha256:917b98cc5725ea2e0b88c74d34182589a9be07092cb35b861ea9e74189174f71",
                "sha256:9398f8fd89f6f260e94e57559df1885b8200b18312824b617a8789e0f5e7dc74",
                "sha256:95b6f212bb0c7379f1f2f6e47c722fbdc7355d8b7488a68649e83dfa29522704",
                "sha256:9f23313f3e494475581d46de3b8b6bdcf618ee1df412490e779a9aa0a6c72162",
                "sha256:9f6f26e5b129bb0218aab30d368d6ead750517a457986f8854b1df4b4c318098",
                "sha256:a502693c83a2c6558bc45b4c2dc01a00c9b99cb3cf846913438933a44af174fc",
                "sha256:aa4999130a8e892fa9051edc18bf4daa0a2839d3f3de2dcfcbf0ae4619ee3b5e",
                "sha256:b10be0b80784c1beb8061e5ce938d8511a182125de5fc695a60f0561b984d361",
                "sha256:b1f7b23a606aaf2464eb81c23b5b20623e2ba44b4aaca6ea9bfe00e84a1a5264",
                "sha256:b78c8d232d97dbc8ad3a3d94cc15fccabe9a331685d76d2e5cb5284acc4a5feb",
                "sha256:b88fa862817035ad7921f2641c27a85dab12cc685ad3ef29c0caaf5b3d10a868",
                "sha256:b93fb9137070899b5f10d6487724f4427b5945983a785e1e2f1102c5e175c516",
                "sha256:b9639e16c1bc4eb8a78b3b30df4146bb78df5d52ba1b7454b634abd89aede6cc",
                "sha256:baa3b6be365c97f80d92a397cb8963dcd9bc22d101b39784e77a9cad093812f8",
                "sha256:c06c5758bae454a49dc3e7917804b46c31bb4a72cedfc8e7b4f17a318b3de9d6",
                "sha256:c544153709e93ea7e9edcefee72f5afcf484a9cb526067065f9419419f4a3694",
                "sha256:c6c74260ba130f7c20a340e8f9e544b0941621641f53edcf69e4602e12c9f29e",
                "sha256:d040615ff5c02ffd97ba9f0f73b9db34c09b8142fbfdd363b2a79fa6a554242c",
                "sha256:d85774b1ac09ec1d958e63baa436cc4c90e2e910294847ba51dcc3ca3ca04a63",
                "sha256:e508bb216eee8350e77b436f9f99c4f2d8335ecb51483f5ffd8bf5e84aaa56d1",
                "sha256:ea1cb38b1a52392ebb4e93eaf4a44b3cfdec35cca3f78a9a599f27b7f27031e2",
                "sha256:ec310e0029d530d1043f638b7a326b349884421572626bc2909408da7b0d03e5",
                "sha256:ed04b79f53fa975660f1a598120c504a0f4529170eeaf0d823fcc1f06f4d2e0f",
                "sha256:f4909ee1ddabed351f0fa55063a7dbe498001e2245a9602d9fb0fd74afecdca9",
                "sha256:f49ae9e19737493911e7f8e551310f719f463e442ea1ec92fe0804c62066a7e8",
                "sha256:f4c93e6102087dda4931fcd50fa4ad44e8e43e09419290c5f05cc2c690961ebf",
                "sha256:fa1b639d85af4794cb20d7cfd4c5ae38e94a418b17a2318a1992b470fb68260d"
            ],
            "version": "==5.6b1"
        },
        "decorator": {
            "hashes": [
                "sha256:6e5c199c16f7a9f0e3a61a4a54b3d27e7dad0dbdde92b944426cb20914376323",
                "sha256:72ecfba4320a893c53f9706bebb2d55c270c1e51a28789361aa93e4a21319ed5"
            ],
            "version": "==5.0.9"
        },
        "fancycompleter": {
            "hashes": [
                "sha256:09e0feb8ae242abdfd7ef2ba55069a46f011814a80fe5476be48f51b00247272",
                "sha256:dd076bca7d9d524cc7f25ec8f35ef95388ffef9ef46def4d3d25e9b044ad7080"
            ],
            "version": "==0.9.1"
        },
        "idna": {
            "hashes": [
                "sha256:b307872f855b18632ce0c21c5e45be78c0ea7ae4c15c828c20788b26921eb3f6",
                "sha256:b97d804b1e9b523befed77c48dacec60e6dcb0b5391d57af6a65a312a90648c0"
            ],
            "version": "==2.10"
        },
        "ipython": {
            "hashes": [
                "sha256:ca478e52ae1f88da0102360e57e528b92f3ae4316aabac80a2cd7f7ab2efb48a",
                "sha256:eb8d075de37f678424527b5ef6ea23f7b80240ca031c2dd6de5879d687a65333"
            ],
            "index": "pypi",
            "version": "==7.13.0"
        },
        "ipython-genutils": {
            "hashes": [
                "sha256:72dd37233799e619666c9f639a9da83c34013a73e8bbc79a7a6348d93c61fab8",
                "sha256:eb2e116e75ecef9d4d228fdc66af54269afa26ab4463042e33785b887c628ba8"
            ],
            "version": "==0.2.0"
        },
        "isort": {
            "hashes": [
                "sha256:54da7e92468955c4fceacd0c86bd0ec997b0e1ee80d97f67c35a78b719dccab1",
                "sha256:6e811fcb295968434526407adb8796944f1988c5b65e8139058f2014cbe100fd"
            ],
            "index": "pypi",
            "version": "==4.3.21"
        },
        "jedi": {
            "hashes": [
                "sha256:18456d83f65f400ab0c2d3319e48520420ef43b23a086fdc05dff34132f0fb93",
                "sha256:92550a404bad8afed881a137ec9a461fed49eca661414be45059329614ed0707"
            ],
            "version": "==0.18.0"
        },
        "more-itertools": {
            "hashes": [
                "sha256:2cf89ec599962f2ddc4d568a05defc40e0a587fbc10d5989713638864c36be4d",
                "sha256:83f0308e05477c68f56ea3a888172c78ed5d5b3c282addb67508e7ba6c8f813a"
            ],
            "version": "==8.8.0"
        },
        "mypy": {
            "hashes": [
                "sha256:0a9a45157e532da06fe56adcfef8a74629566b607fa2c1ac0122d1ff995c748a",
                "sha256:2c35cae79ceb20d47facfad51f952df16c2ae9f45db6cb38405a3da1cf8fc0a7",
                "sha256:4b9365ade157794cef9685791032521233729cb00ce76b0ddc78749abea463d2",
                "sha256:53ea810ae3f83f9c9b452582261ea859828a9ed666f2e1ca840300b69322c474",
                "sha256:634aef60b4ff0f650d3e59d4374626ca6153fcaff96ec075b215b568e6ee3cb0",
                "sha256:7e396ce53cacd5596ff6d191b47ab0ea18f8e0ec04e15d69728d530e86d4c217",
                "sha256:7eadc91af8270455e0d73565b8964da1642fe226665dd5c9560067cd64d56749",
                "sha256:7f672d02fffcbace4db2b05369142e0506cdcde20cea0e07c7c2171c4fd11dd6",
                "sha256:85baab8d74ec601e86134afe2bcccd87820f79d2f8d5798c889507d1088287bf",
                "sha256:87c556fb85d709dacd4b4cb6167eecc5bbb4f0a9864b69136a0d4640fdc76a36",
                "sha256:a6bd44efee4dc8c3324c13785a9dc3519b3ee3a92cada42d2b57762b7053b49b",
                "sha256:c6d27bd20c3ba60d5b02f20bd28e20091d6286a699174dfad515636cb09b5a72",
                "sha256:e2bb577d10d09a2d8822a042a23b8d62bc3b269667c9eb8e60a6edfa000211b1",
                "sha256:f97a605d7c8bc2c6d1172c2f0d5a65b24142e11a58de689046e62c2d632ca8c1"
            ],
            "index": "pypi",
            "version": "==0.761"
        },
        "mypy-extensions": {
            "hashes": [
                "sha256:090fedd75945a69ae91ce1303b5824f428daf5a028d2f6ab8a299250a846f15d",
                "sha256:2d82818f5bb3e369420cb3c4060a7970edba416647068eb4c5343488a6c604a8"
            ],
            "version": "==0.4.3"
        },
        "packaging": {
            "hashes": [
                "sha256:5b327ac1320dc863dca72f4514ecc086f31186744b84a230374cc1fd776feae5",
                "sha256:67714da7f7bc052e064859c05c595155bd1ee9f69f76557e21f051443c20947a"
            ],
            "version": "==20.9"
        },
        "parso": {
            "hashes": [
                "sha256:12b83492c6239ce32ff5eed6d3639d6a536170723c6f3f1506869f1ace413398",
                "sha256:a8c4922db71e4fdb90e0d0bc6e50f9b273d3397925e5e60a717e719201778d22"
            ],
            "version": "==0.8.2"
        },
        "pathspec": {
            "hashes": [
                "sha256:86379d6b86d75816baba717e64b1a3a3469deb93bb76d613c9ce79edc5cb68fd",
                "sha256:aa0cb481c4041bf52ffa7b0d8fa6cd3e88a2ca4879c533c9153882ee2556790d"
            ],
            "version": "==0.8.1"
        },
        "pdbpp": {
            "hashes": [
                "sha256:73ff220d5006e0ecdc3e2705d8328d8aa5ac27fef95cc06f6e42cd7d22d55eb8"
            ],
            "index": "pypi",
            "version": "==0.10.2"
        },
        "pexpect": {
            "hashes": [
                "sha256:0b48a55dcb3c05f3329815901ea4fc1537514d6ba867a152b581d69ae3710937",
                "sha256:fc65a43959d153d0114afe13997d439c22823a27cefceb5ff35c2178c6784c0c"
            ],
            "markers": "sys_platform != 'win32'",
            "version": "==4.8.0"
        },
        "pickleshare": {
            "hashes": [
                "sha256:87683d47965c1da65cdacaf31c8441d12b8044cdec9aca500cd78fc2c683afca",
                "sha256:9649af414d74d4df115d5d718f82acb59c9d418196b7b4290ed47a12ce62df56"
            ],
            "version": "==0.7.5"
        },
        "pluggy": {
            "hashes": [
                "sha256:15b2acde666561e1298d71b523007ed7364de07029219b604cf808bfa1c765b0",
                "sha256:966c145cd83c96502c3c3868f50408687b38434af77734af1e9ca461a4081d2d"
            ],
            "version": "==0.13.1"
        },
        "prompt-toolkit": {
            "hashes": [
                "sha256:bf00f22079f5fadc949f42ae8ff7f05702826a97059ffcc6281036ad40ac6f04",
                "sha256:e1b4f11b9336a28fa11810bc623c357420f69dfdb6d2dac41ca2c21a55c033bc"
            ],
            "version": "==3.0.18"
        },
        "ptyprocess": {
            "hashes": [
                "sha256:4b41f3967fce3af57cc7e94b888626c18bf37a083e3651ca8feeb66d492fef35",
                "sha256:5c5d0a3b48ceee0b48485e0c26037c0acd7d29765ca3fbb5cb3831d347423220"
            ],
            "version": "==0.7.0"
        },
        "py": {
            "hashes": [
                "sha256:21b81bda15b66ef5e1a777a21c4dcd9c20ad3efd0b3f817e7a809035269e1bd3",
                "sha256:3b80836aa6d1feeaa108e046da6423ab8f6ceda6468545ae8d02d9d58d18818a"
            ],
            "version": "==1.10.0"
        },
        "pyflakes": {
            "hashes": [
                "sha256:7893783d01b8a89811dd72d7dfd4d84ff098e5eed95cfa8905b22bbffe52efc3",
                "sha256:f5bc8ecabc05bb9d291eb5203d6810b49040f6ff446a756326104746cc00c1db"
            ],
            "version": "==2.3.1"
        },
        "pygments": {
            "hashes": [
                "sha256:a18f47b506a429f6f4b9df81bb02beab9ca21d0a5fee38ed15aef65f0545519f",
                "sha256:d66e804411278594d764fc69ec36ec13d9ae9147193a1740cd34d272ca383b8e"
            ],
            "version": "==2.9.0"
        },
        "pyparsing": {
            "hashes": [
                "sha256:1c6409312ce2ce2997896af5756753778d5f1603666dba5587804f09ad82ed27",
                "sha256:f4896b4cc085a1f8f8ae53a1a90db5a86b3825ff73eb974dffee3d9e701007f4"
            ],
            "version": "==3.0.0b2"
        },
        "pyrepl": {
            "hashes": [
                "sha256:292570f34b5502e871bbb966d639474f2b57fbfcd3373c2d6a2f3d56e681a775"
            ],
            "version": "==0.9.0"
        },
        "pytest": {
            "hashes": [
                "sha256:0d5fe9189a148acc3c3eb2ac8e1ac0742cb7618c084f3d228baaec0c254b318d",
                "sha256:ff615c761e25eb25df19edddc0b970302d2a9091fbce0e7213298d85fb61fef6"
            ],
            "index": "pypi",
            "version": "==5.3.5"
        },
        "pytest-cov": {
            "hashes": [
                "sha256:cc6742d8bac45070217169f5f72ceee1e0e55b0221f54bcf24845972d3a47f2b",
                "sha256:cdbdef4f870408ebdbfeb44e63e07eb18bb4619fae852f6e760645fa36172626"
            ],
            "index": "pypi",
            "version": "==2.8.1"
        },
        "regex": {
            "hashes": [
                "sha256:01afaf2ec48e196ba91b37451aa353cb7eda77efe518e481707e0515025f0cd5",
                "sha256:11d773d75fa650cd36f68d7ca936e3c7afaae41b863b8c387a22aaa78d3c5c79",
                "sha256:18c071c3eb09c30a264879f0d310d37fe5d3a3111662438889ae2eb6fc570c31",
                "sha256:1e1c20e29358165242928c2de1482fb2cf4ea54a6a6dea2bd7a0e0d8ee321500",
                "sha256:281d2fd05555079448537fe108d79eb031b403dac622621c78944c235f3fcf11",
                "sha256:314d66636c494ed9c148a42731b3834496cc9a2c4251b1661e40936814542b14",
                "sha256:32e65442138b7b76dd8173ffa2cf67356b7bc1768851dded39a7a13bf9223da3",
                "sha256:339456e7d8c06dd36a22e451d58ef72cef293112b559010db3d054d5560ef439",
                "sha256:3916d08be28a1149fb97f7728fca1f7c15d309a9f9682d89d79db75d5e52091c",
                "sha256:3a9cd17e6e5c7eb328517969e0cb0c3d31fd329298dd0c04af99ebf42e904f82",
                "sha256:47bf5bf60cf04d72bf6055ae5927a0bd9016096bf3d742fa50d9bf9f45aa0711",
                "sha256:4c46e22a0933dd783467cf32b3516299fb98cfebd895817d685130cc50cd1093",
                "sha256:4c557a7b470908b1712fe27fb1ef20772b78079808c87d20a90d051660b1d69a",
                "sha256:52ba3d3f9b942c49d7e4bc105bb28551c44065f139a65062ab7912bef10c9afb",
                "sha256:563085e55b0d4fb8f746f6a335893bda5c2cef43b2f0258fe1020ab1dd874df8",
                "sha256:598585c9f0af8374c28edd609eb291b5726d7cbce16be6a8b95aa074d252ee17",
                "sha256:619d71c59a78b84d7f18891fe914446d07edd48dc8328c8e149cbe0929b4e000",
                "sha256:67bdb9702427ceddc6ef3dc382455e90f785af4c13d495f9626861763ee13f9d",
                "sha256:6d1b01031dedf2503631d0903cb563743f397ccaf6607a5e3b19a3d76fc10480",
                "sha256:741a9647fcf2e45f3a1cf0e24f5e17febf3efe8d4ba1281dcc3aa0459ef424dc",
                "sha256:7c2a1af393fcc09e898beba5dd59196edaa3116191cc7257f9224beaed3e1aa0",
                "sha256:7d9884d86dd4dd489e981d94a65cd30d6f07203d90e98f6f657f05170f6324c9",
                "sha256:90f11ff637fe8798933fb29f5ae1148c978cccb0452005bf4c69e13db951e765",
                "sha256:919859aa909429fb5aa9cf8807f6045592c85ef56fdd30a9a3747e513db2536e",
                "sha256:96fcd1888ab4d03adfc9303a7b3c0bd78c5412b2bfbe76db5b56d9eae004907a",
                "sha256:97f29f57d5b84e73fbaf99ab3e26134e6687348e95ef6b48cfd2c06807005a07",
                "sha256:980d7be47c84979d9136328d882f67ec5e50008681d94ecc8afa8a65ed1f4a6f",
                "sha256:a91aa8619b23b79bcbeb37abe286f2f408d2f2d6f29a17237afda55bb54e7aac",
                "sha256:ade17eb5d643b7fead300a1641e9f45401c98eee23763e9ed66a43f92f20b4a7",
                "sha256:b9c3db21af35e3b3c05764461b262d6f05bbca08a71a7849fd79d47ba7bc33ed",
                "sha256:bd28bc2e3a772acbb07787c6308e00d9626ff89e3bfcdebe87fa5afbfdedf968",
                "sha256:bf5824bfac591ddb2c1f0a5f4ab72da28994548c708d2191e3b87dd207eb3ad7",
                "sha256:c0502c0fadef0d23b128605d69b58edb2c681c25d44574fc673b0e52dce71ee2",
                "sha256:c38c71df845e2aabb7fb0b920d11a1b5ac8526005e533a8920aea97efb8ec6a4",
                "sha256:ce15b6d103daff8e9fee13cf7f0add05245a05d866e73926c358e871221eae87",
                "sha256:d3029c340cfbb3ac0a71798100ccc13b97dddf373a4ae56b6a72cf70dfd53bc8",
                "sha256:e512d8ef5ad7b898cdb2d8ee1cb09a8339e4f8be706d27eaa180c2f177248a10",
                "sha256:e8e5b509d5c2ff12f8418006d5a90e9436766133b564db0abaec92fd27fcee29",
                "sha256:ee54ff27bf0afaf4c3b3a62bcd016c12c3fdb4ec4f413391a90bd38bc3624605",
                "sha256:fa4537fb4a98fe8fde99626e4681cc644bdcf2a795038533f9f711513a862ae6",
                "sha256:fd45ff9293d9274c5008a2054ecef86a9bfe819a67c7be1afb65e69b405b3042"
            ],
            "version": "==2021.4.4"
        },
        "requests": {
            "hashes": [
                "sha256:27973dd4a904a4f13b263a19c866c13b92a39ed1c964655f025f3f8d3d75b804",
                "sha256:c210084e36a42ae6b9219e00e48287def368a26d03a048ddad7bfee44f75871e"
            ],
            "version": "==2.25.1"
        },
        "toml": {
            "hashes": [
                "sha256:806143ae5bfb6a3c6e736a764057db0e6a0e05e338b5630894a5f779cabb4f9b",
                "sha256:b3bda1d108d5dd99f4a20d24d9c348e91c4db7ab1b749200bded2f839ccbe68f"
            ],
            "version": "==0.10.2"
        },
        "traitlets": {
            "hashes": [
                "sha256:178f4ce988f69189f7e523337a3e11d91c786ded9360174a3d9ca83e79bc5396",
                "sha256:69ff3f9d5351f31a7ad80443c2674b7099df13cc41fc5fa6e2f6d3b0330b0426"
            ],
            "version": "==5.0.5"
        },
        "typed-ast": {
            "hashes": [
                "sha256:01ae5f73431d21eead5015997ab41afa53aa1fbe252f9da060be5dad2c730ace",
                "sha256:067a74454df670dcaa4e59349a2e5c81e567d8d65458d480a5b3dfecec08c5ff",
                "sha256:0fb71b8c643187d7492c1f8352f2c15b4c4af3f6338f21681d3681b3dc31a266",
                "sha256:1b3ead4a96c9101bef08f9f7d1217c096f31667617b58de957f690c92378b528",
                "sha256:2068531575a125b87a41802130fa7e29f26c09a2833fea68d9a40cf33902eba6",
                "sha256:209596a4ec71d990d71d5e0d312ac935d86930e6eecff6ccc7007fe54d703808",
                "sha256:2c726c276d09fc5c414693a2de063f521052d9ea7c240ce553316f70656c84d4",
                "sha256:398e44cd480f4d2b7ee8d98385ca104e35c81525dd98c519acff1b79bdaac363",
                "sha256:52b1eb8c83f178ab787f3a4283f68258525f8d70f778a2f6dd54d3b5e5fb4341",
                "sha256:5feca99c17af94057417d744607b82dd0a664fd5e4ca98061480fd8b14b18d04",
                "sha256:7538e495704e2ccda9b234b82423a4038f324f3a10c43bc088a1636180f11a41",
                "sha256:760ad187b1041a154f0e4d0f6aae3e40fdb51d6de16e5c99aedadd9246450e9e",
                "sha256:777a26c84bea6cd934422ac2e3b78863a37017618b6e5c08f92ef69853e765d3",
                "sha256:95431a26309a21874005845c21118c83991c63ea800dd44843e42a916aec5899",
                "sha256:9ad2c92ec681e02baf81fdfa056fe0d818645efa9af1f1cd5fd6f1bd2bdfd805",
                "sha256:9c6d1a54552b5330bc657b7ef0eae25d00ba7ffe85d9ea8ae6540d2197a3788c",
                "sha256:aee0c1256be6c07bd3e1263ff920c325b59849dc95392a05f258bb9b259cf39c",
                "sha256:af3d4a73793725138d6b334d9d247ce7e5f084d96284ed23f22ee626a7b88e39",
                "sha256:b36b4f3920103a25e1d5d024d155c504080959582b928e91cb608a65c3a49e1a",
                "sha256:b9574c6f03f685070d859e75c7f9eeca02d6933273b5e69572e5ff9d5e3931c3",
                "sha256:bff6ad71c81b3bba8fa35f0f1921fb24ff4476235a6e94a26ada2e54370e6da7",
                "sha256:c190f0899e9f9f8b6b7863debfb739abcb21a5c054f911ca3596d12b8a4c4c7f",
                "sha256:c907f561b1e83e93fad565bac5ba9c22d96a54e7ea0267c708bffe863cbe4075",
                "sha256:cae53c389825d3b46fb37538441f75d6aecc4174f615d048321b716df2757fb0",
                "sha256:dd4a21253f42b8d2b48410cb31fe501d32f8b9fbeb1f55063ad102fe9c425e40",
                "sha256:dde816ca9dac1d9c01dd504ea5967821606f02e510438120091b84e852367428",
                "sha256:f2362f3cb0f3172c42938946dbc5b7843c2a28aec307c49100c8b38764eb6927",
                "sha256:f328adcfebed9f11301eaedfa48e15bdece9b519fb27e6a8c01aa52a17ec31b3",
                "sha256:f8afcf15cc511ada719a88e013cec87c11aff7b91f019295eb4530f96fe5ef2f",
                "sha256:fb1bbeac803adea29cedd70781399c99138358c26d05fcbd23c13016b7f5ec65"
            ],
            "version": "==1.4.3"
        },
        "typing-extensions": {
            "hashes": [
                "sha256:0ac0f89795dd19de6b97debb0c6af1c70987fd80a2d62d1958f7e56fcc31b497",
                "sha256:50b6f157849174217d0656f99dc82fe932884fb250826c18350e159ec6cdf342",
                "sha256:779383f6086d90c99ae41cf0ff39aac8a7937a9283ce0a414e5dd782f4c94a84"
            ],
            "version": "==3.10.0.0"
        },
        "urllib3": {
            "hashes": [
                "sha256:753a0374df26658f99d826cfe40394a686d05985786d946fbe4165b5148f5a7c",
                "sha256:a7acd0977125325f516bda9735fa7142b909a8d01e8b2e4c8108d0984e6e0098"
            ],
            "index": "pypi",
            "version": "==1.26.5"
        },
        "wcwidth": {
            "hashes": [
                "sha256:beb4802a9cebb9144e99086eff703a642a13d6a0052920003a230f3294bbe784",
                "sha256:c4d647b99872929fdb7bdcaa4fbe7f01413ed3d98077df798530e5b04f116c83"
            ],
            "version": "==0.2.5"
        },
        "wmctrl": {
            "hashes": [
                "sha256:66cbff72b0ca06a22ec3883ac3a4d7c41078bdae4fb7310f52951769b10e14e0"
            ],
            "version": "==0.4"
        }
    }
}
